
Microsoft Visual Studio Solution File, Format Version 12.00
# Visual Studio 14
VisualStudioVersion = 14.0.25420.1
MinimumVisualStudioVersion = 10.0.40219.1
Project("{FAE04EC0-301F-11D3-BF4B-00C04F79EFBC}") = "FirstWCFServiceTest", "FirstWCFServiceTest\FirstWCFServiceTest.csproj", "{75D01158-157D-49F7-A0CE-E943A5A61108}"
EndProject
Project("{FAE04EC0-301F-11D3-BF4B-00C04F79EFBC}") = "ClassLibraryTest", "ClassLibraryTest\ClassLibraryTest.csproj", "{787633EA-686D-41F5-A271-3A4E66093BA6}"
EndProject
Project("{FAE04EC0-301F-11D3-BF4B-00C04F79EFBC}") = "DataAccessLayer", "DataAccessLayer\DataAccessLayer.csproj", "{B09AB5C4-E1C1-4BBE-B4FC-2D0551368A4D}"
EndProject
Global
	GlobalSection(SolutionConfigurationPlatforms) = preSolution
		Debug|Any CPU = Debug|Any CPU
		Release|Any CPU = Release|Any CPU
	EndGlobalSection
	GlobalSection(ProjectConfigurationPlatforms) = postSolution
		{75D01158-157D-49F7-A0CE-E943A5A61108}.Debug|Any CPU.ActiveCfg = Debug|Any CPU
		{75D01158-157D-49F7-A0CE-E943A5A61108}.Debug|Any CPU.Build.0 = Debug|Any CPU
		{75D01158-157D-49F7-A0CE-E943A5A61108}.Release|Any CPU.ActiveCfg = Release|Any CPU
		{75D01158-157D-49F7-A0CE-E943A5A61108}.Release|Any CPU.Build.0 = Release|Any CPU
		{787633EA-686D-41F5-A271-3A4E66093BA6}.Debug|Any CPU.ActiveCfg = Debug|Any CPU
		{787633EA-686D-41F5-A271-3A4E66093BA6}.Debug|Any CPU.Build.0 = Debug|Any CPU
		{787633EA-686D-41F5-A271-3A4E66093BA6}.Release|Any CPU.ActiveCfg = Release|Any CPU
		{787633EA-686D-41F5-A271-3A4E66093BA6}.Release|Any CPU.Build.0 = Release|Any CPU
		{B09AB5C4-E1C1-4BBE-B4FC-2D0551368A4D}.Debug|Any CPU.ActiveCfg = Debug|Any CPU
		{B09AB5C4-E1C1-4BBE-B4FC-2D0551368A4D}.Debug|Any CPU.Build.0 = Debug|Any CPU
		{B09AB5C4-E1C1-4BBE-B4FC-2D0551368A4D}.Release|Any CPU.ActiveCfg = Release|Any CPU
		{B09AB5C4-E1C1-4BBE-B4FC-2D0551368A4D}.Release|Any CPU.Build.0 = Release|Any CPU
	EndGlobalSection
	GlobalSection(SolutionProperties) = preSolution
		HideSolutionNode = FALSE
	EndGlobalSection
EndGlobal
